// !$*UTF8*$!
{
	archiveVersion = 1;
	classes = {
	};
	objectVersion = 50;
	objects = {

/* Begin PBXBuildFile section */
		3F0254FE21CA4913007DC7F9 /* DetailArticleViewController.swift in Sources */ = {isa = PBXBuildFile; fileRef = 3F0254FD21CA4913007DC7F9 /* DetailArticleViewController.swift */; };
		3F07E9D021AFDC14007B8B3E /* RegistratieViewController.swift in Sources */ = {isa = PBXBuildFile; fileRef = 3F07E9CF21AFDC14007B8B3E /* RegistratieViewController.swift */; };
		3F07E9D221AFDC21007B8B3E /* Member.swift in Sources */ = {isa = PBXBuildFile; fileRef = 3F07E9D121AFDC21007B8B3E /* Member.swift */; };
		3F07E9D421AFDC2C007B8B3E /* Article.swift in Sources */ = {isa = PBXBuildFile; fileRef = 3F07E9D321AFDC2C007B8B3E /* Article.swift */; };
		3F07E9D621AFDC35007B8B3E /* Bod.swift in Sources */ = {isa = PBXBuildFile; fileRef = 3F07E9D521AFDC35007B8B3E /* Bod.swift */; };
		3F07E9DD21AFE2A7007B8B3E /* MemberDAO.swift in Sources */ = {isa = PBXBuildFile; fileRef = 3F07E9DC21AFE2A7007B8B3E /* MemberDAO.swift */; };
		3F07E9DF21AFE2B1007B8B3E /* ArticleDAO.swift in Sources */ = {isa = PBXBuildFile; fileRef = 3F07E9DE21AFE2B1007B8B3E /* ArticleDAO.swift */; };
		3F07E9E121AFE2BB007B8B3E /* BodDAO.swift in Sources */ = {isa = PBXBuildFile; fileRef = 3F07E9E021AFE2BB007B8B3E /* BodDAO.swift */; };
		3F124B9C21AE8EE800EEDF0D /* AppDelegate.swift in Sources */ = {isa = PBXBuildFile; fileRef = 3F124B9B21AE8EE800EEDF0D /* AppDelegate.swift */; };
		3F124B9E21AE8EE800EEDF0D /* ViewController.swift in Sources */ = {isa = PBXBuildFile; fileRef = 3F124B9D21AE8EE800EEDF0D /* ViewController.swift */; };
		3F124BA121AE8EE800EEDF0D /* Main.storyboard in Resources */ = {isa = PBXBuildFile; fileRef = 3F124B9F21AE8EE800EEDF0D /* Main.storyboard */; };
		3F124BA321AE8EE900EEDF0D /* Assets.xcassets in Resources */ = {isa = PBXBuildFile; fileRef = 3F124BA221AE8EE900EEDF0D /* Assets.xcassets */; };
		3F124BA621AE8EE900EEDF0D /* LaunchScreen.storyboard in Resources */ = {isa = PBXBuildFile; fileRef = 3F124BA421AE8EE900EEDF0D /* LaunchScreen.storyboard */; };
		3F26CC9C21C0FB320011DAA0 /* tableProtocol.swift in Sources */ = {isa = PBXBuildFile; fileRef = 3F26CC9B21C0FB320011DAA0 /* tableProtocol.swift */; };
		3F26CC9E21C10B890011DAA0 /* cell.swift in Sources */ = {isa = PBXBuildFile; fileRef = 3F26CC9D21C10B890011DAA0 /* cell.swift */; };
		3F292CD121B9212D0024F243 /* TableViewController.swift in Sources */ = {isa = PBXBuildFile; fileRef = 3F292CD021B9212D0024F243 /* TableViewController.swift */; };
		3F39FE4721B7C065006944A9 /* Login.swift in Sources */ = {isa = PBXBuildFile; fileRef = 3F39FE4621B7C065006944A9 /* Login.swift */; };
		3F39FE4921B7C220006944A9 /* RegistrationValidtion.swift in Sources */ = {isa = PBXBuildFile; fileRef = 3F39FE4821B7C220006944A9 /* RegistrationValidtion.swift */; };
		3F39FE4B21B7C25D006944A9 /* LoginValidation.swift in Sources */ = {isa = PBXBuildFile; fileRef = 3F39FE4A21B7C25D006944A9 /* LoginValidation.swift */; };
		3F39FE4D21B7C7B8006944A9 /* RegistrationValidationProtocol.swift in Sources */ = {isa = PBXBuildFile; fileRef = 3F39FE4C21B7C7B8006944A9 /* RegistrationValidationProtocol.swift */; };
		3F39FE4F21B7C863006944A9 /* LoginValidationProtocol.swift in Sources */ = {isa = PBXBuildFile; fileRef = 3F39FE4E21B7C863006944A9 /* LoginValidationProtocol.swift */; };
		3F43880A21C255AE00632BC3 /* RootVCProtocol.swift in Sources */ = {isa = PBXBuildFile; fileRef = 3F43880921C255AE00632BC3 /* RootVCProtocol.swift */; };
		3FD3C42021AE930B00D1FB7F /* GoogleService-Info.plist in Resources */ = {isa = PBXBuildFile; fileRef = 3FD3C41F21AE930B00D1FB7F /* GoogleService-Info.plist */; };
		CDD459D32714829821F55445 /* Pods_Opdracht6.framework in Frameworks */ = {isa = PBXBuildFile; fileRef = 25FAFCA225316BD18FFEC5F9 /* Pods_Opdracht6.framework */; };
		E84A5E1F21C93835002C8088 /* DetailProtocol.swift in Sources */ = {isa = PBXBuildFile; fileRef = E84A5E1E21C93835002C8088 /* DetailProtocol.swift */; };
/* End PBXBuildFile section */

/* Begin PBXFileReference section */
		25FAFCA225316BD18FFEC5F9 /* Pods_Opdracht6.framework */ = {isa = PBXFileReference; explicitFileType = wrapper.framework; includeInIndex = 0; path = Pods_Opdracht6.framework; sourceTree = BUILT_PRODUCTS_DIR; };
		3F0254FD21CA4913007DC7F9 /* DetailArticleViewController.swift */ = {isa = PBXFileReference; lastKnownFileType = sourcecode.swift; path = DetailArticleViewController.swift; sourceTree = "<group>"; };
		3F07E9CF21AFDC14007B8B3E /* RegistratieViewController.swift */ = {isa = PBXFileReference; lastKnownFileType = sourcecode.swift; path = RegistratieViewController.swift; sourceTree = "<group>"; };
		3F07E9D121AFDC21007B8B3E /* Member.swift */ = {isa = PBXFileReference; lastKnownFileType = sourcecode.swift; path = Member.swift; sourceTree = "<group>"; };
		3F07E9D321AFDC2C007B8B3E /* Article.swift */ = {isa = PBXFileReference; lastKnownFileType = sourcecode.swift; path = Article.swift; sourceTree = "<group>"; };
		3F07E9D521AFDC35007B8B3E /* Bod.swift */ = {isa = PBXFileReference; lastKnownFileType = sourcecode.swift; path = Bod.swift; sourceTree = "<group>"; };
		3F07E9DC21AFE2A7007B8B3E /* MemberDAO.swift */ = {isa = PBXFileReference; lastKnownFileType = sourcecode.swift; path = MemberDAO.swift; sourceTree = "<group>"; };
		3F07E9DE21AFE2B1007B8B3E /* ArticleDAO.swift */ = {isa = PBXFileReference; lastKnownFileType = sourcecode.swift; path = ArticleDAO.swift; sourceTree = "<group>"; };
		3F07E9E021AFE2BB007B8B3E /* BodDAO.swift */ = {isa = PBXFileReference; lastKnownFileType = sourcecode.swift; path = BodDAO.swift; sourceTree = "<group>"; };
		3F124B9821AE8EE800EEDF0D /* Opdracht6.app */ = {isa = PBXFileReference; explicitFileType = wrapper.application; includeInIndex = 0; path = Opdracht6.app; sourceTree = BUILT_PRODUCTS_DIR; };
		3F124B9B21AE8EE800EEDF0D /* AppDelegate.swift */ = {isa = PBXFileReference; lastKnownFileType = sourcecode.swift; path = AppDelegate.swift; sourceTree = "<group>"; };
		3F124B9D21AE8EE800EEDF0D /* ViewController.swift */ = {isa = PBXFileReference; lastKnownFileType = sourcecode.swift; path = ViewController.swift; sourceTree = "<group>"; };
		3F124BA021AE8EE800EEDF0D /* Base */ = {isa = PBXFileReference; lastKnownFileType = file.storyboard; name = Base; path = Base.lproj/Main.storyboard; sourceTree = "<group>"; };
		3F124BA221AE8EE900EEDF0D /* Assets.xcassets */ = {isa = PBXFileReference; lastKnownFileType = folder.assetcatalog; path = Assets.xcassets; sourceTree = "<group>"; };
		3F124BA521AE8EE900EEDF0D /* Base */ = {isa = PBXFileReference; lastKnownFileType = file.storyboard; name = Base; path = Base.lproj/LaunchScreen.storyboard; sourceTree = "<group>"; };
		3F124BA721AE8EE900EEDF0D /* Info.plist */ = {isa = PBXFileReference; lastKnownFileType = text.plist.xml; path = Info.plist; sourceTree = "<group>"; };
		3F26CC9B21C0FB320011DAA0 /* tableProtocol.swift */ = {isa = PBXFileReference; lastKnownFileType = sourcecode.swift; path = tableProtocol.swift; sourceTree = "<group>"; };
		3F26CC9D21C10B890011DAA0 /* cell.swift */ = {isa = PBXFileReference; lastKnownFileType = sourcecode.swift; path = cell.swift; sourceTree = "<group>"; };
		3F292CD021B9212D0024F243 /* TableViewController.swift */ = {isa = PBXFileReference; lastKnownFileType = sourcecode.swift; path = TableViewController.swift; sourceTree = "<group>"; };
		3F39FE4621B7C065006944A9 /* Login.swift */ = {isa = PBXFileReference; lastKnownFileType = sourcecode.swift; path = Login.swift; sourceTree = "<group>"; };
		3F39FE4821B7C220006944A9 /* RegistrationValidtion.swift */ = {isa = PBXFileReference; lastKnownFileType = sourcecode.swift; path = RegistrationValidtion.swift; sourceTree = "<group>"; };
		3F39FE4A21B7C25D006944A9 /* LoginValidation.swift */ = {isa = PBXFileReference; lastKnownFileType = sourcecode.swift; path = LoginValidation.swift; sourceTree = "<group>"; };
		3F39FE4C21B7C7B8006944A9 /* RegistrationValidationProtocol.swift */ = {isa = PBXFileReference; lastKnownFileType = sourcecode.swift; path = RegistrationValidationProtocol.swift; sourceTree = "<group>"; };
		3F39FE4E21B7C863006944A9 /* LoginValidationProtocol.swift */ = {isa = PBXFileReference; lastKnownFileType = sourcecode.swift; path = LoginValidationProtocol.swift; sourceTree = "<group>"; };
		3F43880921C255AE00632BC3 /* RootVCProtocol.swift */ = {isa = PBXFileReference; lastKnownFileType = sourcecode.swift; path = RootVCProtocol.swift; sourceTree = "<group>"; };
		3FD3C41F21AE930B00D1FB7F /* GoogleService-Info.plist */ = {isa = PBXFileReference; fileEncoding = 4; lastKnownFileType = text.plist.xml; path = "GoogleService-Info.plist"; sourceTree = "<group>"; };
		4B7651BE9C7465EDA2BF051B /* Pods-Opdracht6.release.xcconfig */ = {isa = PBXFileReference; includeInIndex = 1; lastKnownFileType = text.xcconfig; name = "Pods-Opdracht6.release.xcconfig"; path = "Pods/Target Support Files/Pods-Opdracht6/Pods-Opdracht6.release.xcconfig"; sourceTree = "<group>"; };
		7CE83EFC5C84498115EF45CF /* Pods-Opdracht6.debug.xcconfig */ = {isa = PBXFileReference; includeInIndex = 1; lastKnownFileType = text.xcconfig; name = "Pods-Opdracht6.debug.xcconfig"; path = "Pods/Target Support Files/Pods-Opdracht6/Pods-Opdracht6.debug.xcconfig"; sourceTree = "<group>"; };
		E84A5E1E21C93835002C8088 /* DetailProtocol.swift */ = {isa = PBXFileReference; lastKnownFileType = sourcecode.swift; path = DetailProtocol.swift; sourceTree = "<group>"; };
/* End PBXFileReference section */

/* Begin PBXFrameworksBuildPhase section */
		3F124B9521AE8EE800EEDF0D /* Frameworks */ = {
			isa = PBXFrameworksBuildPhase;
			buildActionMask = 2147483647;
			files = (
				CDD459D32714829821F55445 /* Pods_Opdracht6.framework in Frameworks */,
			);
			runOnlyForDeploymentPostprocessing = 0;
		};
/* End PBXFrameworksBuildPhase section */

/* Begin PBXGroup section */
		2B79FB6E673E4BB4A001F18D /* Pods */ = {
			isa = PBXGroup;
			children = (
				7CE83EFC5C84498115EF45CF /* Pods-Opdracht6.debug.xcconfig */,
				4B7651BE9C7465EDA2BF051B /* Pods-Opdracht6.release.xcconfig */,
			);
			name = Pods;
			sourceTree = "<group>";
		};
		3F07E9D721AFDC47007B8B3E /* DAO */ = {
			isa = PBXGroup;
			children = (
				3F07E9DC21AFE2A7007B8B3E /* MemberDAO.swift */,
				3F07E9DE21AFE2B1007B8B3E /* ArticleDAO.swift */,
				3F07E9E021AFE2BB007B8B3E /* BodDAO.swift */,
			);
			path = DAO;
			sourceTree = "<group>";
		};
		3F07E9D821AFDD62007B8B3E /* Models */ = {
			isa = PBXGroup;
			children = (
				3F07E9D121AFDC21007B8B3E /* Member.swift */,
				3F07E9D321AFDC2C007B8B3E /* Article.swift */,
				3F07E9D521AFDC35007B8B3E /* Bod.swift */,
				3F39FE4621B7C065006944A9 /* Login.swift */,
			);
			path = Models;
			sourceTree = "<group>";
		};
		3F124B8F21AE8EE800EEDF0D = {
			isa = PBXGroup;
			children = (
				3F124B9A21AE8EE800EEDF0D /* Opdracht6 */,
				3F124B9921AE8EE800EEDF0D /* Products */,
				2B79FB6E673E4BB4A001F18D /* Pods */,
				53650F0B48A3262427A6EC3B /* Frameworks */,
			);
			sourceTree = "<group>";
		};
		3F124B9921AE8EE800EEDF0D /* Products */ = {
			isa = PBXGroup;
			children = (
				3F124B9821AE8EE800EEDF0D /* Opdracht6.app */,
			);
			name = Products;
			sourceTree = "<group>";
		};
		3F124B9A21AE8EE800EEDF0D /* Opdracht6 */ = {
			isa = PBXGroup;
			children = (
				3F07E9D821AFDD62007B8B3E /* Models */,
				3F07E9D721AFDC47007B8B3E /* DAO */,
				3FD3C41F21AE930B00D1FB7F /* GoogleService-Info.plist */,
				3F124B9B21AE8EE800EEDF0D /* AppDelegate.swift */,
				3F124B9D21AE8EE800EEDF0D /* ViewController.swift */,
				3F124B9F21AE8EE800EEDF0D /* Main.storyboard */,
				3F124BA221AE8EE900EEDF0D /* Assets.xcassets */,
				3F124BA421AE8EE900EEDF0D /* LaunchScreen.storyboard */,
				3F124BA721AE8EE900EEDF0D /* Info.plist */,
				3F07E9CF21AFDC14007B8B3E /* RegistratieViewController.swift */,
				3F39FE4821B7C220006944A9 /* RegistrationValidtion.swift */,
				3F39FE4A21B7C25D006944A9 /* LoginValidation.swift */,
				3F39FE4C21B7C7B8006944A9 /* RegistrationValidationProtocol.swift */,
				3F39FE4E21B7C863006944A9 /* LoginValidationProtocol.swift */,
				3F292CD021B9212D0024F243 /* TableViewController.swift */,
				3F26CC9B21C0FB320011DAA0 /* tableProtocol.swift */,
				3F26CC9D21C10B890011DAA0 /* cell.swift */,
				3F43880921C255AE00632BC3 /* RootVCProtocol.swift */,
				3F0254FD21CA4913007DC7F9 /* DetailArticleViewController.swift */,
				E84A5E1E21C93835002C8088 /* DetailProtocol.swift */,
			);
			path = Opdracht6;
			sourceTree = "<group>";
		};
		53650F0B48A3262427A6EC3B /* Frameworks */ = {
			isa = PBXGroup;
			children = (
				25FAFCA225316BD18FFEC5F9 /* Pods_Opdracht6.framework */,
			);
			name = Frameworks;
			sourceTree = "<group>";
		};
/* End PBXGroup section */

/* Begin PBXNativeTarget section */
		3F124B9721AE8EE800EEDF0D /* Opdracht6 */ = {
			isa = PBXNativeTarget;
			buildConfigurationList = 3F124BAA21AE8EE900EEDF0D /* Build configuration list for PBXNativeTarget "Opdracht6" */;
			buildPhases = (
				E5DDBAFEE6AF802770FE704E /* [CP] Check Pods Manifest.lock */,
				3F124B9421AE8EE800EEDF0D /* Sources */,
				3F124B9521AE8EE800EEDF0D /* Frameworks */,
				3F124B9621AE8EE800EEDF0D /* Resources */,
				2B73EE02152257E2D6DD697A /* [CP] Embed Pods Frameworks */,
				23BC61CECB534A9B4C562468 /* [CP] Copy Pods Resources */,
			);
			buildRules = (
			);
			dependencies = (
			);
			name = Opdracht6;
			productName = Opdracht6;
			productReference = 3F124B9821AE8EE800EEDF0D /* Opdracht6.app */;
			productType = "com.apple.product-type.application";
		};
/* End PBXNativeTarget section */

/* Begin PBXProject section */
		3F124B9021AE8EE800EEDF0D /* Project object */ = {
			isa = PBXProject;
			attributes = {
				LastSwiftUpdateCheck = 1000;
				LastUpgradeCheck = 1000;
				ORGANIZATIONNAME = nielsbrackeva;
				TargetAttributes = {
					3F124B9721AE8EE800EEDF0D = {
						CreatedOnToolsVersion = 10.0;
					};
				};
			};
			buildConfigurationList = 3F124B9321AE8EE800EEDF0D /* Build configuration list for PBXProject "Opdracht6" */;
			compatibilityVersion = "Xcode 9.3";
			developmentRegion = en;
			hasScannedForEncodings = 0;
			knownRegions = (
				en,
				Base,
			);
			mainGroup = 3F124B8F21AE8EE800EEDF0D;
			productRefGroup = 3F124B9921AE8EE800EEDF0D /* Products */;
			projectDirPath = "";
			projectRoot = "";
			targets = (
				3F124B9721AE8EE800EEDF0D /* Opdracht6 */,
			);
		};
/* End PBXProject section */

/* Begin PBXResourcesBuildPhase section */
		3F124B9621AE8EE800EEDF0D /* Resources */ = {
			isa = PBXResourcesBuildPhase;
			buildActionMask = 2147483647;
			files = (
				3F124BA621AE8EE900EEDF0D /* LaunchScreen.storyboard in Resources */,
				3FD3C42021AE930B00D1FB7F /* GoogleService-Info.plist in Resources */,
				3F124BA321AE8EE900EEDF0D /* Assets.xcassets in Resources */,
				3F124BA121AE8EE800EEDF0D /* Main.storyboard in Resources */,
			);
			runOnlyForDeploymentPostprocessing = 0;
		};
/* End PBXResourcesBuildPhase section */

/* Begin PBXShellScriptBuildPhase section */
		23BC61CECB534A9B4C562468 /* [CP] Copy Pods Resources */ = {
			isa = PBXShellScriptBuildPhase;
			buildActionMask = 2147483647;
			files = (
			);
			inputFileListPaths = (
			);
			inputPaths = (
				"${SRCROOT}/Pods/Target Support Files/Pods-Opdracht6/Pods-Opdracht6-resources.sh",
				"${PODS_CONFIGURATION_BUILD_DIR}/FirebaseFirestore/gRPCCertificates.bundle",
			);
			name = "[CP] Copy Pods Resources";
			outputFileListPaths = (
			);
			outputPaths = (
				"${TARGET_BUILD_DIR}/${UNLOCALIZED_RESOURCES_FOLDER_PATH}/gRPCCertificates.bundle",
			);
			runOnlyForDeploymentPostprocessing = 0;
			shellPath = /bin/sh;
			shellScript = "\"${SRCROOT}/Pods/Target Support Files/Pods-Opdracht6/Pods-Opdracht6-resources.sh\"\n";
			showEnvVarsInLog = 0;
		};
		2B73EE02152257E2D6DD697A /* [CP] Embed Pods Frameworks */ = {
			isa = PBXShellScriptBuildPhase;
			buildActionMask = 2147483647;
			files = (
			);
			inputFileListPaths = (
			);
			inputPaths = (
				"${SRCROOT}/Pods/Target Support Files/Pods-Opdracht6/Pods-Opdracht6-frameworks.sh",
				"${BUILT_PRODUCTS_DIR}/BoringSSL/openssl.framework",
				"${BUILT_PRODUCTS_DIR}/GTMSessionFetcher/GTMSessionFetcher.framework",
				"${BUILT_PRODUCTS_DIR}/GoogleUtilities/GoogleUtilities.framework",
				"${BUILT_PRODUCTS_DIR}/Protobuf/Protobuf.framework",
				"${BUILT_PRODUCTS_DIR}/gRPC-C++/grpcpp.framework",
				"${BUILT_PRODUCTS_DIR}/gRPC-Core/grpc.framework",
				"${BUILT_PRODUCTS_DIR}/leveldb-library/leveldb.framework",
				"${BUILT_PRODUCTS_DIR}/nanopb/nanopb.framework",
			);
			name = "[CP] Embed Pods Frameworks";
			outputFileListPaths = (
			);
			outputPaths = (
				"${TARGET_BUILD_DIR}/${FRAMEWORKS_FOLDER_PATH}/openssl.framework",
				"${TARGET_BUILD_DIR}/${FRAMEWORKS_FOLDER_PATH}/GTMSessionFetcher.framework",
				"${TARGET_BUILD_DIR}/${FRAMEWORKS_FOLDER_PATH}/GoogleUtilities.framework",
				"${TARGET_BUILD_DIR}/${FRAMEWORKS_FOLDER_PATH}/Protobuf.framework",
				"${TARGET_BUILD_DIR}/${FRAMEWORKS_FOLDER_PATH}/grpcpp.framework",
				"${TARGET_BUILD_DIR}/${FRAMEWORKS_FOLDER_PATH}/grpc.framework",
				"${TARGET_BUILD_DIR}/${FRAMEWORKS_FOLDER_PATH}/leveldb.framework",
				"${TARGET_BUILD_DIR}/${FRAMEWORKS_FOLDER_PATH}/nanopb.framework",
			);
			runOnlyForDeploymentPostprocessing = 0;
			shellPath = /bin/sh;
			shellScript = "\"${SRCROOT}/Pods/Target Support Files/Pods-Opdracht6/Pods-Opdracht6-frameworks.sh\"\n";
			showEnvVarsInLog = 0;
		};
		E5DDBAFEE6AF802770FE704E /* [CP] Check Pods Manifest.lock */ = {
			isa = PBXShellScriptBuildPhase;
			buildActionMask = 2147483647;
			files = (
			);
			inputFileListPaths = (
			);
			inputPaths = (
				"${PODS_PODFILE_DIR_PATH}/Podfile.lock",
				"${PODS_ROOT}/Manifest.lock",
			);
			name = "[CP] Check Pods Manifest.lock";
			outputFileListPaths = (
			);
			outputPaths = (
				"$(DERIVED_FILE_DIR)/Pods-Opdracht6-checkManifestLockResult.txt",
			);
			runOnlyForDeploymentPostprocessing = 0;
			shellPath = /bin/sh;
			shellScript = "diff \"${PODS_PODFILE_DIR_PATH}/Podfile.lock\" \"${PODS_ROOT}/Manifest.lock\" > /dev/null\nif [ $? != 0 ] ; then\n    # print error to STDERR\n    echo \"error: The sandbox is not in sync with the Podfile.lock. Run 'pod install' or update your CocoaPods installation.\" >&2\n    exit 1\nfi\n# This output is used by Xcode 'outputs' to avoid re-running this script phase.\necho \"SUCCESS\" > \"${SCRIPT_OUTPUT_FILE_0}\"\n";
			showEnvVarsInLog = 0;
		};
/* End PBXShellScriptBuildPhase section */

/* Begin PBXSourcesBuildPhase section */
		3F124B9421AE8EE800EEDF0D /* Sources */ = {
			isa = PBXSourcesBuildPhase;
			buildActionMask = 2147483647;
			files = (
				3F124B9E21AE8EE800EEDF0D /* ViewController.swift in Sources */,
				3F124B9C21AE8EE800EEDF0D /* AppDelegate.swift in Sources */,
				3F26CC9E21C10B890011DAA0 /* cell.swift in Sources */,
				3F07E9D021AFDC14007B8B3E /* RegistratieViewController.swift in Sources */,
				3F07E9E121AFE2BB007B8B3E /* BodDAO.swift in Sources */,
				3F0254FE21CA4913007DC7F9 /* DetailArticleViewController.swift in Sources */,
				3F39FE4B21B7C25D006944A9 /* LoginValidation.swift in Sources */,
				3F07E9D621AFDC35007B8B3E /* Bod.swift in Sources */,
				3F07E9D221AFDC21007B8B3E /* Member.swift in Sources */,
				3F43880A21C255AE00632BC3 /* RootVCProtocol.swift in Sources */,
				3F07E9DF21AFE2B1007B8B3E /* ArticleDAO.swift in Sources */,
				3F26CC9C21C0FB320011DAA0 /* tableProtocol.swift in Sources */,
				3F07E9DD21AFE2A7007B8B3E /* MemberDAO.swift in Sources */,
				3F39FE4D21B7C7B8006944A9 /* RegistrationValidationProtocol.swift in Sources */,
				3F39FE4F21B7C863006944A9 /* LoginValidationProtocol.swift in Sources */,
				3F39FE4721B7C065006944A9 /* Login.swift in Sources */,
				E84A5E1F21C93835002C8088 /* DetailProtocol.swift in Sources */,
				3F07E9D421AFDC2C007B8B3E /* Article.swift in Sources */,
				3F292CD121B9212D0024F243 /* TableViewController.swift in Sources */,
				3F39FE4921B7C220006944A9 /* RegistrationValidtion.swift in Sources */,
			);
			runOnlyForDeploymentPostprocessing = 0;
		};
/* End PBXSourcesBuildPhase section */

/* Begin PBXVariantGroup section */
		3F124B9F21AE8EE800EEDF0D /* Main.storyboard */ = {
			isa = PBXVariantGroup;
			children = (
				3F124BA021AE8EE800EEDF0D /* Base */,
			);
			name = Main.storyboard;
			sourceTree = "<group>";
		};
		3F124BA421AE8EE900EEDF0D /* LaunchScreen.storyboard */ = {
			isa = PBXVariantGroup;
			children = (
				3F124BA521AE8EE900EEDF0D /* Base */,
			);
			name = LaunchScreen.storyboard;
			sourceTree = "<group>";
		};
/* End PBXVariantGroup section */

/* Begin XCBuildConfiguration section */
		3F124BA821AE8EE900EEDF0D /* Debug */ = {
			isa = XCBuildConfiguration;
			buildSettings = {
				ALWAYS_SEARCH_USER_PATHS = NO;
				CLANG_ANALYZER_NONNULL = YES;
				CLANG_ANALYZER_NUMBER_OBJECT_CONVERSION = YES_AGGRESSIVE;
				CLANG_CXX_LANGUAGE_STANDARD = "gnu++14";
				CLANG_CXX_LIBRARY = "libc++";
				CLANG_ENABLE_MODULES = YES;
				CLANG_ENABLE_OBJC_ARC = YES;
				CLANG_ENABLE_OBJC_WEAK = YES;
				CLANG_WARN_BLOCK_CAPTURE_AUTORELEASING = YES;
				CLANG_WARN_BOOL_CONVERSION = YES;
				CLANG_WARN_COMMA = YES;
				CLANG_WARN_CONSTANT_CONVERSION = YES;
				CLANG_WARN_DEPRECATED_OBJC_IMPLEMENTATIONS = YES;
				CLANG_WARN_DIRECT_OBJC_ISA_USAGE = YES_ERROR;
				CLANG_WARN_DOCUMENTATION_COMMENTS = YES;
				CLANG_WARN_EMPTY_BODY = YES;
				CLANG_WARN_ENUM_CONVERSION = YES;
				CLANG_WARN_INFINITE_RECURSION = YES;
				CLANG_WARN_INT_CONVERSION = YES;
				CLANG_WARN_NON_LITERAL_NULL_CONVERSION = YES;
				CLANG_WARN_OBJC_IMPLICIT_RETAIN_SELF = YES;
				CLANG_WARN_OBJC_LITERAL_CONVERSION = YES;
				CLANG_WARN_OBJC_ROOT_CLASS = YES_ERROR;
				CLANG_WARN_RANGE_LOOP_ANALYSIS = YES;
				CLANG_WARN_STRICT_PROTOTYPES = YES;
				CLANG_WARN_SUSPICIOUS_MOVE = YES;
				CLANG_WARN_UNGUARDED_AVAILABILITY = YES_AGGRESSIVE;
				CLANG_WARN_UNREACHABLE_CODE = YES;
				CLANG_WARN__DUPLICATE_METHOD_MATCH = YES;
				CODE_SIGN_IDENTITY = "iPhone Developer";
				COPY_PHASE_STRIP = NO;
				DEBUG_INFORMATION_FORMAT = dwarf;
				ENABLE_STRICT_OBJC_MSGSEND = YES;
				ENABLE_TESTABILITY = YES;
				GCC_C_LANGUAGE_STANDARD = gnu11;
				GCC_DYNAMIC_NO_PIC = NO;
				GCC_NO_COMMON_BLOCKS = YES;
				GCC_OPTIMIZATION_LEVEL = 0;
				GCC_PREPROCESSOR_DEFINITIONS = (
					"DEBUG=1",
					"$(inherited)",
				);
				GCC_WARN_64_TO_32_BIT_CONVERSION = YES;
				GCC_WARN_ABOUT_RETURN_TYPE = YES_ERROR;
				GCC_WARN_UNDECLARED_SELECTOR = YES;
				GCC_WARN_UNINITIALIZED_AUTOS = YES_AGGRESSIVE;
				GCC_WARN_UNUSED_FUNCTION = YES;
				GCC_WARN_UNUSED_VARIABLE = YES;
				IPHONEOS_DEPLOYMENT_TARGET = 12.0;
				MTL_ENABLE_DEBUG_INFO = INCLUDE_SOURCE;
				MTL_FAST_MATH = YES;
				ONLY_ACTIVE_ARCH = YES;
				SDKROOT = iphoneos;
				SWIFT_ACTIVE_COMPILATION_CONDITIONS = DEBUG;
				SWIFT_OPTIMIZATION_LEVEL = "-Onone";
			};
			name = Debug;
		};
		3F124BA921AE8EE900EEDF0D /* Release */ = {
			isa = XCBuildConfiguration;
			buildSettings = {
				ALWAYS_SEARCH_USER_PATHS = NO;
				CLANG_ANALYZER_NONNULL = YES;
				CLANG_ANALYZER_NUMBER_OBJECT_CONVERSION = YES_AGGRESSIVE;
				CLANG_CXX_LANGUAGE_STANDARD = "gnu++14";
				CLANG_CXX_LIBRARY = "libc++";
				CLANG_ENABLE_MODULES = YES;
				CLANG_ENABLE_OBJC_ARC = YES;
				CLANG_ENABLE_OBJC_WEAK = YES;
				CLANG_WARN_BLOCK_CAPTURE_AUTORELEASING = YES;
				CLANG_WARN_BOOL_CONVERSION = YES;
				CLANG_WARN_COMMA = YES;
				CLANG_WARN_CONSTANT_CONVERSION = YES;
				CLANG_WARN_DEPRECATED_OBJC_IMPLEMENTATIONS = YES;
				CLANG_WARN_DIRECT_OBJC_ISA_USAGE = YES_ERROR;
				CLANG_WARN_DOCUMENTATION_COMMENTS = YES;
				CLANG_WARN_EMPTY_BODY = YES;
				CLANG_WARN_ENUM_CONVERSION = YES;
				CLANG_WARN_INFINITE_RECURSION = YES;
				CLANG_WARN_INT_CONVERSION = YES;
				CLANG_WARN_NON_LITERAL_NULL_CONVERSION = YES;
				CLANG_WARN_OBJC_IMPLICIT_RETAIN_SELF = YES;
				CLANG_WARN_OBJC_LITERAL_CONVERSION = YES;
				CLANG_WARN_OBJC_ROOT_CLASS = YES_ERROR;
				CLANG_WARN_RANGE_LOOP_ANALYSIS = YES;
				CLANG_WARN_STRICT_PROTOTYPES = YES;
				CLANG_WARN_SUSPICIOUS_MOVE = YES;
				CLANG_WARN_UNGUARDED_AVAILABILITY = YES_AGGRESSIVE;
				CLANG_WARN_UNREACHABLE_CODE = YES;
				CLANG_WARN__DUPLICATE_METHOD_MATCH = YES;
				CODE_SIGN_IDENTITY = "iPhone Developer";
				COPY_PHASE_STRIP = NO;
				DEBUG_INFORMATION_FORMAT = "dwarf-with-dsym";
				ENABLE_NS_ASSERTIONS = NO;
				ENABLE_STRICT_OBJC_MSGSEND = YES;
				GCC_C_LANGUAGE_STANDARD = gnu11;
				GCC_NO_COMMON_BLOCKS = YES;
				GCC_WARN_64_TO_32_BIT_CONVERSION = YES;
				GCC_WARN_ABOUT_RETURN_TYPE = YES_ERROR;
				GCC_WARN_UNDECLARED_SELECTOR = YES;
				GCC_WARN_UNINITIALIZED_AUTOS = YES_AGGRESSIVE;
				GCC_WARN_UNUSED_FUNCTION = YES;
				GCC_WARN_UNUSED_VARIABLE = YES;
				IPHONEOS_DEPLOYMENT_TARGET = 12.0;
				MTL_ENABLE_DEBUG_INFO = NO;
				MTL_FAST_MATH = YES;
				SDKROOT = iphoneos;
				SWIFT_COMPILATION_MODE = wholemodule;
				SWIFT_OPTIMIZATION_LEVEL = "-O";
				VALIDATE_PRODUCT = YES;
			};
			name = Release;
		};
		3F124BAB21AE8EE900EEDF0D /* Debug */ = {
			isa = XCBuildConfiguration;
			baseConfigurationReference = 7CE83EFC5C84498115EF45CF /* Pods-Opdracht6.debug.xcconfig */;
			buildSettings = {
				ASSETCATALOG_COMPILER_APPICON_NAME = AppIcon;
				CODE_SIGN_STYLE = Automatic;
				INFOPLIST_FILE = Opdracht6/Info.plist;
				LD_RUNPATH_SEARCH_PATHS = (
					"$(inherited)",
					"@executable_path/Frameworks",
				);
				PRODUCT_BUNDLE_IDENTIFIER = be.vives.nielsbrackeva.Opdracht6;
				PRODUCT_NAME = "$(TARGET_NAME)";
				SWIFT_VERSION = 4.2;
				TARGETED_DEVICE_FAMILY = "1,2";
			};
			name = Debug;
		};
		3F124BAC21AE8EE900EEDF0D /* Release */ = {
			isa = XCBuildConfiguration;
			baseConfigurationReference = 4B7651BE9C7465EDA2BF051B /* Pods-Opdracht6.release.xcconfig */;
			buildSettings = {
				ASSETCATALOG_COMPILER_APPICON_NAME = AppIcon;
				CODE_SIGN_STYLE = Automatic;
				INFOPLIST_FILE = Opdracht6/Info.plist;
				LD_RUNPATH_SEARCH_PATHS = (
					"$(inherited)",
					"@executable_path/Frameworks",
				);
				PRODUCT_BUNDLE_IDENTIFIER = be.vives.nielsbrackeva.Opdracht6;
				PRODUCT_NAME = "$(TARGET_NAME)";
				SWIFT_VERSION = 4.2;
				TARGETED_DEVICE_FAMILY = "1,2";
			};
			name = Release;
		};
/* End XCBuildConfiguration section */

/* Begin XCConfigurationList section */
		3F124B9321AE8EE800EEDF0D /* Build configuration list for PBXProject "Opdracht6" */ = {
			isa = XCConfigurationList;
			buildConfigurations = (
				3F124BA821AE8EE900EEDF0D /* Debug */,
				3F124BA921AE8EE900EEDF0D /* Release */,
			);
			defaultConfigurationIsVisible = 0;
			defaultConfigurationName = Release;
		};
		3F124BAA21AE8EE900EEDF0D /* Build configuration list for PBXNativeTarget "Opdracht6" */ = {
			isa = XCConfigurationList;
			buildConfigurations = (
				3F124BAB21AE8EE900EEDF0D /* Debug */,
				3F124BAC21AE8EE900EEDF0D /* Release */,
			);
			defaultConfigurationIsVisible = 0;
			defaultConfigurationName = Release;
		};
/* End XCConfigurationList section */
	};
	rootObject = 3F124B9021AE8EE800EEDF0D /* Project object */;
}
